
Microsoft Visual Studio Solution File, Format Version 12.00
# Visual Studio Version 17
VisualStudioVersion = 17.4.33205.214
MinimumVisualStudioVersion = 10.0.40219.1
Project("{FAE04EC0-301F-11D3-BF4B-00C04F79EFBC}") = "Event Based Asynchronous Pattern", "Event Based Asynchronous Pattern.csproj", "{2FDCD757-EB53-41D5-AA27-C5F056CFACF1}"
EndProject
Global
	GlobalSection(SolutionConfigurationPlatforms) = preSolution
		Debug|Any CPU = Debug|Any CPU
		Release|Any CPU = Release|Any CPU
	EndGlobalSection
	GlobalSection(ProjectConfigurationPlatforms) = postSolution
		{2FDCD757-EB53-41D5-AA27-C5F056CFACF1}.Debug|Any CPU.ActiveCfg = Debug|Any CPU
		{2FDCD757-EB53-41D5-AA27-C5F056CFACF1}.Debug|Any CPU.Build.0 = Debug|Any CPU
		{2FDCD757-EB53-41D5-AA27-C5F056CFACF1}.Release|Any CPU.ActiveCfg = Release|Any CPU
		{2FDCD757-EB53-41D5-AA27-C5F056CFACF1}.Release|Any CPU.Build.0 = Release|Any CPU
	EndGlobalSection
	GlobalSection(SolutionProperties) = preSolution
		HideSolutionNode = FALSE
	EndGlobalSection
	GlobalSection(ExtensibilityGlobals) = postSolution
		SolutionGuid = {EFBBFDB3-FF58-4C8F-A894-74031F5F4709}
	EndGlobalSection
EndGlobal
