
Microsoft Visual Studio Solution File, Format Version 12.00
# Visual Studio Version 17
VisualStudioVersion = 17.4.33205.214
MinimumVisualStudioVersion = 10.0.40219.1
Project("{FAE04EC0-301F-11D3-BF4B-00C04F79EFBC}") = "Activity", "Activity.csproj", "{B8F14199-DB98-4454-B763-1459294B02EA}"
EndProject
Global
	GlobalSection(SolutionConfigurationPlatforms) = preSolution
		Debug|Any CPU = Debug|Any CPU
		Release|Any CPU = Release|Any CPU
	EndGlobalSection
	GlobalSection(ProjectConfigurationPlatforms) = postSolution
		{B8F14199-DB98-4454-B763-1459294B02EA}.Debug|Any CPU.ActiveCfg = Debug|Any CPU
		{B8F14199-DB98-4454-B763-1459294B02EA}.Debug|Any CPU.Build.0 = Debug|Any CPU
		{B8F14199-DB98-4454-B763-1459294B02EA}.Release|Any CPU.ActiveCfg = Release|Any CPU
		{B8F14199-DB98-4454-B763-1459294B02EA}.Release|Any CPU.Build.0 = Release|Any CPU
	EndGlobalSection
	GlobalSection(SolutionProperties) = preSolution
		HideSolutionNode = FALSE
	EndGlobalSection
	GlobalSection(ExtensibilityGlobals) = postSolution
		SolutionGuid = {DBAA3104-3570-4268-AAB1-3822DDCACC0F}
	EndGlobalSection
EndGlobal
