
Microsoft Visual Studio Solution File, Format Version 12.00
# Visual Studio Version 17
VisualStudioVersion = 17.4.33205.214
MinimumVisualStudioVersion = 10.0.40219.1
Project("{FAE04EC0-301F-11D3-BF4B-00C04F79EFBC}") = "YepServer", "YepServer.csproj", "{F0AE11BA-F293-4F8C-B4F4-8DEA228EF2BE}"
EndProject
Global
	GlobalSection(SolutionConfigurationPlatforms) = preSolution
		Debug|Any CPU = Debug|Any CPU
		Release|Any CPU = Release|Any CPU
	EndGlobalSection
	GlobalSection(ProjectConfigurationPlatforms) = postSolution
		{F0AE11BA-F293-4F8C-B4F4-8DEA228EF2BE}.Debug|Any CPU.ActiveCfg = Debug|Any CPU
		{F0AE11BA-F293-4F8C-B4F4-8DEA228EF2BE}.Debug|Any CPU.Build.0 = Debug|Any CPU
		{F0AE11BA-F293-4F8C-B4F4-8DEA228EF2BE}.Release|Any CPU.ActiveCfg = Release|Any CPU
		{F0AE11BA-F293-4F8C-B4F4-8DEA228EF2BE}.Release|Any CPU.Build.0 = Release|Any CPU
	EndGlobalSection
	GlobalSection(SolutionProperties) = preSolution
		HideSolutionNode = FALSE
	EndGlobalSection
	GlobalSection(ExtensibilityGlobals) = postSolution
		SolutionGuid = {2E69CF44-670F-40D8-816F-0676B9996126}
	EndGlobalSection
EndGlobal
