
Microsoft Visual Studio Solution File, Format Version 12.00
# Visual Studio Version 17
VisualStudioVersion = 17.4.33205.214
MinimumVisualStudioVersion = 10.0.40219.1
Project("{FAE04EC0-301F-11D3-BF4B-00C04F79EFBC}") = "HTTP", "HTTP.csproj", "{2499529E-BF12-47FA-A039-64BDE79F5503}"
EndProject
Global
	GlobalSection(SolutionConfigurationPlatforms) = preSolution
		Debug|Any CPU = Debug|Any CPU
		Release|Any CPU = Release|Any CPU
	EndGlobalSection
	GlobalSection(ProjectConfigurationPlatforms) = postSolution
		{2499529E-BF12-47FA-A039-64BDE79F5503}.Debug|Any CPU.ActiveCfg = Debug|Any CPU
		{2499529E-BF12-47FA-A039-64BDE79F5503}.Debug|Any CPU.Build.0 = Debug|Any CPU
		{2499529E-BF12-47FA-A039-64BDE79F5503}.Release|Any CPU.ActiveCfg = Release|Any CPU
		{2499529E-BF12-47FA-A039-64BDE79F5503}.Release|Any CPU.Build.0 = Release|Any CPU
	EndGlobalSection
	GlobalSection(SolutionProperties) = preSolution
		HideSolutionNode = FALSE
	EndGlobalSection
	GlobalSection(ExtensibilityGlobals) = postSolution
		SolutionGuid = {66EC0CB3-5C67-42F8-A7A9-B615E14B96B6}
	EndGlobalSection
EndGlobal
